
Microsoft Visual Studio Solution File, Format Version 12.00
# Visual Studio Version 17
VisualStudioVersion = 17.8.34330.188
MinimumVisualStudioVersion = 10.0.40219.1
Project("{8BC9CEB8-8B4A-11D0-8D11-00A0C91BC942}") = "20240415", "20240415\20240415.vcxproj", "{24AC362C-DE01-4D98-9094-DA3D57CFA7FA}"
EndProject
Global
	GlobalSection(SolutionConfigurationPlatforms) = preSolution
		Debug|x64 = Debug|x64
		Debug|x86 = Debug|x86
		Release|x64 = Release|x64
		Release|x86 = Release|x86
	EndGlobalSection
	GlobalSection(ProjectConfigurationPlatforms) = postSolution
		{24AC362C-DE01-4D98-9094-DA3D57CFA7FA}.Debug|x64.ActiveCfg = Debug|x64
		{24AC362C-DE01-4D98-9094-DA3D57CFA7FA}.Debug|x64.Build.0 = Debug|x64
		{24AC362C-DE01-4D98-9094-DA3D57CFA7FA}.Debug|x86.ActiveCfg = Debug|Win32
		{24AC362C-DE01-4D98-9094-DA3D57CFA7FA}.Debug|x86.Build.0 = Debug|Win32
		{24AC362C-DE01-4D98-9094-DA3D57CFA7FA}.Release|x64.ActiveCfg = Release|x64
		{24AC362C-DE01-4D98-9094-DA3D57CFA7FA}.Release|x64.Build.0 = Release|x64
		{24AC362C-DE01-4D98-9094-DA3D57CFA7FA}.Release|x86.ActiveCfg = Release|Win32
		{24AC362C-DE01-4D98-9094-DA3D57CFA7FA}.Release|x86.Build.0 = Release|Win32
	EndGlobalSection
	GlobalSection(SolutionProperties) = preSolution
		HideSolutionNode = FALSE
	EndGlobalSection
	GlobalSection(ExtensibilityGlobals) = postSolution
		SolutionGuid = {A506F213-1333-4CCC-9627-A2EE7B4AC65A}
	EndGlobalSection
EndGlobal
