
Microsoft Visual Studio Solution File, Format Version 12.00
# Visual Studio Version 17
VisualStudioVersion = 17.9.34714.143
MinimumVisualStudioVersion = 10.0.40219.1
Project("{8BC9CEB8-8B4A-11D0-8D11-00A0C91BC942}") = "Project1", "Project1\Project1.vcxproj", "{C8C51136-C9E7-4753-9070-4DB9A4E14E11}"
EndProject
Global
	GlobalSection(SolutionConfigurationPlatforms) = preSolution
		Debug|x64 = Debug|x64
		Debug|x86 = Debug|x86
		Release|x64 = Release|x64
		Release|x86 = Release|x86
	EndGlobalSection
	GlobalSection(ProjectConfigurationPlatforms) = postSolution
		{C8C51136-C9E7-4753-9070-4DB9A4E14E11}.Debug|x64.ActiveCfg = Debug|x64
		{C8C51136-C9E7-4753-9070-4DB9A4E14E11}.Debug|x64.Build.0 = Debug|x64
		{C8C51136-C9E7-4753-9070-4DB9A4E14E11}.Debug|x86.ActiveCfg = Debug|Win32
		{C8C51136-C9E7-4753-9070-4DB9A4E14E11}.Debug|x86.Build.0 = Debug|Win32
		{C8C51136-C9E7-4753-9070-4DB9A4E14E11}.Release|x64.ActiveCfg = Release|x64
		{C8C51136-C9E7-4753-9070-4DB9A4E14E11}.Release|x64.Build.0 = Release|x64
		{C8C51136-C9E7-4753-9070-4DB9A4E14E11}.Release|x86.ActiveCfg = Release|Win32
		{C8C51136-C9E7-4753-9070-4DB9A4E14E11}.Release|x86.Build.0 = Release|Win32
	EndGlobalSection
	GlobalSection(SolutionProperties) = preSolution
		HideSolutionNode = FALSE
	EndGlobalSection
	GlobalSection(ExtensibilityGlobals) = postSolution
		SolutionGuid = {675844C6-075A-4A3D-A4C6-CCC6812CA0CB}
	EndGlobalSection
EndGlobal
