
Microsoft Visual Studio Solution File, Format Version 12.00
# Visual Studio Version 17
VisualStudioVersion = 17.8.34330.188
MinimumVisualStudioVersion = 10.0.40219.1
Project("{8BC9CEB8-8B4A-11D0-8D11-00A0C91BC942}") = "20240110_3", "20240110_3\20240110_3.vcxproj", "{AFDBC231-C209-4B79-8839-2DC441F97FAC}"
EndProject
Global
	GlobalSection(SolutionConfigurationPlatforms) = preSolution
		Debug|x64 = Debug|x64
		Debug|x86 = Debug|x86
		Release|x64 = Release|x64
		Release|x86 = Release|x86
	EndGlobalSection
	GlobalSection(ProjectConfigurationPlatforms) = postSolution
		{AFDBC231-C209-4B79-8839-2DC441F97FAC}.Debug|x64.ActiveCfg = Debug|x64
		{AFDBC231-C209-4B79-8839-2DC441F97FAC}.Debug|x64.Build.0 = Debug|x64
		{AFDBC231-C209-4B79-8839-2DC441F97FAC}.Debug|x86.ActiveCfg = Debug|Win32
		{AFDBC231-C209-4B79-8839-2DC441F97FAC}.Debug|x86.Build.0 = Debug|Win32
		{AFDBC231-C209-4B79-8839-2DC441F97FAC}.Release|x64.ActiveCfg = Release|x64
		{AFDBC231-C209-4B79-8839-2DC441F97FAC}.Release|x64.Build.0 = Release|x64
		{AFDBC231-C209-4B79-8839-2DC441F97FAC}.Release|x86.ActiveCfg = Release|Win32
		{AFDBC231-C209-4B79-8839-2DC441F97FAC}.Release|x86.Build.0 = Release|Win32
	EndGlobalSection
	GlobalSection(SolutionProperties) = preSolution
		HideSolutionNode = FALSE
	EndGlobalSection
	GlobalSection(ExtensibilityGlobals) = postSolution
		SolutionGuid = {9E4FF126-C9E2-40A7-9001-6D7C53BB018A}
	EndGlobalSection
EndGlobal
