
Microsoft Visual Studio Solution File, Format Version 12.00
# Visual Studio Version 17
VisualStudioVersion = 17.9.34714.143
MinimumVisualStudioVersion = 10.0.40219.1
Project("{8BC9CEB8-8B4A-11D0-8D11-00A0C91BC942}") = "gangseo", "gangseo\gangseo.vcxproj", "{F062D08A-CCEE-4480-8ACA-B2DE14F8772B}"
EndProject
Global
	GlobalSection(SolutionConfigurationPlatforms) = preSolution
		Debug|x64 = Debug|x64
		Debug|x86 = Debug|x86
		Release|x64 = Release|x64
		Release|x86 = Release|x86
	EndGlobalSection
	GlobalSection(ProjectConfigurationPlatforms) = postSolution
		{F062D08A-CCEE-4480-8ACA-B2DE14F8772B}.Debug|x64.ActiveCfg = Debug|x64
		{F062D08A-CCEE-4480-8ACA-B2DE14F8772B}.Debug|x64.Build.0 = Debug|x64
		{F062D08A-CCEE-4480-8ACA-B2DE14F8772B}.Debug|x86.ActiveCfg = Debug|Win32
		{F062D08A-CCEE-4480-8ACA-B2DE14F8772B}.Debug|x86.Build.0 = Debug|Win32
		{F062D08A-CCEE-4480-8ACA-B2DE14F8772B}.Release|x64.ActiveCfg = Release|x64
		{F062D08A-CCEE-4480-8ACA-B2DE14F8772B}.Release|x64.Build.0 = Release|x64
		{F062D08A-CCEE-4480-8ACA-B2DE14F8772B}.Release|x86.ActiveCfg = Release|Win32
		{F062D08A-CCEE-4480-8ACA-B2DE14F8772B}.Release|x86.Build.0 = Release|Win32
	EndGlobalSection
	GlobalSection(SolutionProperties) = preSolution
		HideSolutionNode = FALSE
	EndGlobalSection
	GlobalSection(ExtensibilityGlobals) = postSolution
		SolutionGuid = {53F37B31-C5FD-44D4-995F-7FCB12A61E20}
	EndGlobalSection
EndGlobal
