
Microsoft Visual Studio Solution File, Format Version 12.00
# Visual Studio Version 17
VisualStudioVersion = 17.8.34330.188
MinimumVisualStudioVersion = 10.0.40219.1
Project("{8BC9CEB8-8B4A-11D0-8D11-00A0C91BC942}") = "calculator", "calculator\calculator.vcxproj", "{96557789-30BE-47F1-A8C4-5C78EB665E07}"
EndProject
Global
	GlobalSection(SolutionConfigurationPlatforms) = preSolution
		Debug|x64 = Debug|x64
		Debug|x86 = Debug|x86
		Release|x64 = Release|x64
		Release|x86 = Release|x86
	EndGlobalSection
	GlobalSection(ProjectConfigurationPlatforms) = postSolution
		{96557789-30BE-47F1-A8C4-5C78EB665E07}.Debug|x64.ActiveCfg = Debug|x64
		{96557789-30BE-47F1-A8C4-5C78EB665E07}.Debug|x64.Build.0 = Debug|x64
		{96557789-30BE-47F1-A8C4-5C78EB665E07}.Debug|x86.ActiveCfg = Debug|Win32
		{96557789-30BE-47F1-A8C4-5C78EB665E07}.Debug|x86.Build.0 = Debug|Win32
		{96557789-30BE-47F1-A8C4-5C78EB665E07}.Release|x64.ActiveCfg = Release|x64
		{96557789-30BE-47F1-A8C4-5C78EB665E07}.Release|x64.Build.0 = Release|x64
		{96557789-30BE-47F1-A8C4-5C78EB665E07}.Release|x86.ActiveCfg = Release|Win32
		{96557789-30BE-47F1-A8C4-5C78EB665E07}.Release|x86.Build.0 = Release|Win32
	EndGlobalSection
	GlobalSection(SolutionProperties) = preSolution
		HideSolutionNode = FALSE
	EndGlobalSection
	GlobalSection(ExtensibilityGlobals) = postSolution
		SolutionGuid = {852DA0DD-D0BE-4A90-B9E2-F7514C700405}
	EndGlobalSection
EndGlobal
