
Microsoft Visual Studio Solution File, Format Version 12.00
# Visual Studio Version 17
VisualStudioVersion = 17.8.34330.188
MinimumVisualStudioVersion = 10.0.40219.1
Project("{8BC9CEB8-8B4A-11D0-8D11-00A0C91BC942}") = "20240408", "20240408\20240408.vcxproj", "{96A9C3BB-288E-4CCF-BCE3-0F50D8F05737}"
EndProject
Global
	GlobalSection(SolutionConfigurationPlatforms) = preSolution
		Debug|x64 = Debug|x64
		Debug|x86 = Debug|x86
		Release|x64 = Release|x64
		Release|x86 = Release|x86
	EndGlobalSection
	GlobalSection(ProjectConfigurationPlatforms) = postSolution
		{96A9C3BB-288E-4CCF-BCE3-0F50D8F05737}.Debug|x64.ActiveCfg = Debug|x64
		{96A9C3BB-288E-4CCF-BCE3-0F50D8F05737}.Debug|x64.Build.0 = Debug|x64
		{96A9C3BB-288E-4CCF-BCE3-0F50D8F05737}.Debug|x86.ActiveCfg = Debug|Win32
		{96A9C3BB-288E-4CCF-BCE3-0F50D8F05737}.Debug|x86.Build.0 = Debug|Win32
		{96A9C3BB-288E-4CCF-BCE3-0F50D8F05737}.Release|x64.ActiveCfg = Release|x64
		{96A9C3BB-288E-4CCF-BCE3-0F50D8F05737}.Release|x64.Build.0 = Release|x64
		{96A9C3BB-288E-4CCF-BCE3-0F50D8F05737}.Release|x86.ActiveCfg = Release|Win32
		{96A9C3BB-288E-4CCF-BCE3-0F50D8F05737}.Release|x86.Build.0 = Release|Win32
	EndGlobalSection
	GlobalSection(SolutionProperties) = preSolution
		HideSolutionNode = FALSE
	EndGlobalSection
	GlobalSection(ExtensibilityGlobals) = postSolution
		SolutionGuid = {4ACD44C2-7F12-47FB-9FB1-152A291FE0A3}
	EndGlobalSection
EndGlobal
