
Microsoft Visual Studio Solution File, Format Version 12.00
# Visual Studio Version 17
VisualStudioVersion = 17.4.33403.182
MinimumVisualStudioVersion = 10.0.40219.1
Project("{8BC9CEB8-8B4A-11D0-8D11-00A0C91BC942}") = "20231101_2", "20231101_2\20231101_2.vcxproj", "{A5803958-FEEA-429A-B2DF-78EF71B3140B}"
EndProject
Global
	GlobalSection(SolutionConfigurationPlatforms) = preSolution
		Debug|x64 = Debug|x64
		Debug|x86 = Debug|x86
		Release|x64 = Release|x64
		Release|x86 = Release|x86
	EndGlobalSection
	GlobalSection(ProjectConfigurationPlatforms) = postSolution
		{A5803958-FEEA-429A-B2DF-78EF71B3140B}.Debug|x64.ActiveCfg = Debug|x64
		{A5803958-FEEA-429A-B2DF-78EF71B3140B}.Debug|x64.Build.0 = Debug|x64
		{A5803958-FEEA-429A-B2DF-78EF71B3140B}.Debug|x86.ActiveCfg = Debug|Win32
		{A5803958-FEEA-429A-B2DF-78EF71B3140B}.Debug|x86.Build.0 = Debug|Win32
		{A5803958-FEEA-429A-B2DF-78EF71B3140B}.Release|x64.ActiveCfg = Release|x64
		{A5803958-FEEA-429A-B2DF-78EF71B3140B}.Release|x64.Build.0 = Release|x64
		{A5803958-FEEA-429A-B2DF-78EF71B3140B}.Release|x86.ActiveCfg = Release|Win32
		{A5803958-FEEA-429A-B2DF-78EF71B3140B}.Release|x86.Build.0 = Release|Win32
	EndGlobalSection
	GlobalSection(SolutionProperties) = preSolution
		HideSolutionNode = FALSE
	EndGlobalSection
	GlobalSection(ExtensibilityGlobals) = postSolution
		SolutionGuid = {CF43EDBE-F3AF-4F1F-8270-B53B2BEDA628}
	EndGlobalSection
EndGlobal
