
Microsoft Visual Studio Solution File, Format Version 12.00
# Visual Studio Version 17
VisualStudioVersion = 17.8.34330.188
MinimumVisualStudioVersion = 10.0.40219.1
Project("{8BC9CEB8-8B4A-11D0-8D11-00A0C91BC942}") = "bubble sort", "bubble sort\bubble sort.vcxproj", "{93B895D6-449B-490A-B8A1-034E1FC1B1DB}"
EndProject
Global
	GlobalSection(SolutionConfigurationPlatforms) = preSolution
		Debug|x64 = Debug|x64
		Debug|x86 = Debug|x86
		Release|x64 = Release|x64
		Release|x86 = Release|x86
	EndGlobalSection
	GlobalSection(ProjectConfigurationPlatforms) = postSolution
		{93B895D6-449B-490A-B8A1-034E1FC1B1DB}.Debug|x64.ActiveCfg = Debug|x64
		{93B895D6-449B-490A-B8A1-034E1FC1B1DB}.Debug|x64.Build.0 = Debug|x64
		{93B895D6-449B-490A-B8A1-034E1FC1B1DB}.Debug|x86.ActiveCfg = Debug|Win32
		{93B895D6-449B-490A-B8A1-034E1FC1B1DB}.Debug|x86.Build.0 = Debug|Win32
		{93B895D6-449B-490A-B8A1-034E1FC1B1DB}.Release|x64.ActiveCfg = Release|x64
		{93B895D6-449B-490A-B8A1-034E1FC1B1DB}.Release|x64.Build.0 = Release|x64
		{93B895D6-449B-490A-B8A1-034E1FC1B1DB}.Release|x86.ActiveCfg = Release|Win32
		{93B895D6-449B-490A-B8A1-034E1FC1B1DB}.Release|x86.Build.0 = Release|Win32
	EndGlobalSection
	GlobalSection(SolutionProperties) = preSolution
		HideSolutionNode = FALSE
	EndGlobalSection
	GlobalSection(ExtensibilityGlobals) = postSolution
		SolutionGuid = {343A29E8-B1E6-44FA-A26B-A35DC8421D60}
	EndGlobalSection
EndGlobal
