
Microsoft Visual Studio Solution File, Format Version 12.00
# Visual Studio Version 17
VisualStudioVersion = 17.8.34330.188
MinimumVisualStudioVersion = 10.0.40219.1
Project("{8BC9CEB8-8B4A-11D0-8D11-00A0C91BC942}") = "20240105", "20240105\20240105.vcxproj", "{A9FF1CA2-7F5C-499A-9EDC-6B72CA6DDF10}"
EndProject
Global
	GlobalSection(SolutionConfigurationPlatforms) = preSolution
		Debug|x64 = Debug|x64
		Debug|x86 = Debug|x86
		Release|x64 = Release|x64
		Release|x86 = Release|x86
	EndGlobalSection
	GlobalSection(ProjectConfigurationPlatforms) = postSolution
		{A9FF1CA2-7F5C-499A-9EDC-6B72CA6DDF10}.Debug|x64.ActiveCfg = Debug|x64
		{A9FF1CA2-7F5C-499A-9EDC-6B72CA6DDF10}.Debug|x64.Build.0 = Debug|x64
		{A9FF1CA2-7F5C-499A-9EDC-6B72CA6DDF10}.Debug|x86.ActiveCfg = Debug|Win32
		{A9FF1CA2-7F5C-499A-9EDC-6B72CA6DDF10}.Debug|x86.Build.0 = Debug|Win32
		{A9FF1CA2-7F5C-499A-9EDC-6B72CA6DDF10}.Release|x64.ActiveCfg = Release|x64
		{A9FF1CA2-7F5C-499A-9EDC-6B72CA6DDF10}.Release|x64.Build.0 = Release|x64
		{A9FF1CA2-7F5C-499A-9EDC-6B72CA6DDF10}.Release|x86.ActiveCfg = Release|Win32
		{A9FF1CA2-7F5C-499A-9EDC-6B72CA6DDF10}.Release|x86.Build.0 = Release|Win32
	EndGlobalSection
	GlobalSection(SolutionProperties) = preSolution
		HideSolutionNode = FALSE
	EndGlobalSection
	GlobalSection(ExtensibilityGlobals) = postSolution
		SolutionGuid = {DB3C06C4-CE5C-441A-A7F4-08CF038B6C36}
	EndGlobalSection
EndGlobal
