
Microsoft Visual Studio Solution File, Format Version 12.00
# Visual Studio Version 17
VisualStudioVersion = 17.8.34330.188
MinimumVisualStudioVersion = 10.0.40219.1
Project("{8BC9CEB8-8B4A-11D0-8D11-00A0C91BC942}") = "20240103_1", "20240103_1\20240103_1.vcxproj", "{513363FC-1F11-408A-AED9-A5CB3E0215CE}"
EndProject
Global
	GlobalSection(SolutionConfigurationPlatforms) = preSolution
		Debug|x64 = Debug|x64
		Debug|x86 = Debug|x86
		Release|x64 = Release|x64
		Release|x86 = Release|x86
	EndGlobalSection
	GlobalSection(ProjectConfigurationPlatforms) = postSolution
		{513363FC-1F11-408A-AED9-A5CB3E0215CE}.Debug|x64.ActiveCfg = Debug|x64
		{513363FC-1F11-408A-AED9-A5CB3E0215CE}.Debug|x64.Build.0 = Debug|x64
		{513363FC-1F11-408A-AED9-A5CB3E0215CE}.Debug|x86.ActiveCfg = Debug|Win32
		{513363FC-1F11-408A-AED9-A5CB3E0215CE}.Debug|x86.Build.0 = Debug|Win32
		{513363FC-1F11-408A-AED9-A5CB3E0215CE}.Release|x64.ActiveCfg = Release|x64
		{513363FC-1F11-408A-AED9-A5CB3E0215CE}.Release|x64.Build.0 = Release|x64
		{513363FC-1F11-408A-AED9-A5CB3E0215CE}.Release|x86.ActiveCfg = Release|Win32
		{513363FC-1F11-408A-AED9-A5CB3E0215CE}.Release|x86.Build.0 = Release|Win32
	EndGlobalSection
	GlobalSection(SolutionProperties) = preSolution
		HideSolutionNode = FALSE
	EndGlobalSection
	GlobalSection(ExtensibilityGlobals) = postSolution
		SolutionGuid = {83FCF991-6E88-4070-8A8E-7D7766DE9800}
	EndGlobalSection
EndGlobal
